
Microsoft Visual Studio Solution File, Format Version 12.00
# Visual Studio Version 17
VisualStudioVersion = 17.1.32104.313
MinimumVisualStudioVersion = 10.0.40219.1
Project("{9A19103F-16F7-4668-BE54-9A1E7A4F7556}") = "CosmosDbExplorer", "CosmosDbExplorer\CosmosDbExplorer.csproj", "{72E0A102-5CD5-44B0-9E8C-9EFF0821F7C0}"
EndProject
Project("{9A19103F-16F7-4668-BE54-9A1E7A4F7556}") = "CosmosDbExplorer.Core", "CosmosDbExplorer.Core\CosmosDbExplorer.Core.csproj", "{B26DE598-71A3-4E45-BEEA-7E6BF8E60DD3}"
EndProject
Global
	GlobalSection(SolutionConfigurationPlatforms) = preSolution
		Debug|Any CPU = Debug|Any CPU
		Release|Any CPU = Release|Any CPU
	EndGlobalSection
	GlobalSection(ProjectConfigurationPlatforms) = postSolution
		{72E0A102-5CD5-44B0-9E8C-9EFF0821F7C0}.Debug|Any CPU.ActiveCfg = Debug|Any CPU
		{72E0A102-5CD5-44B0-9E8C-9EFF0821F7C0}.Debug|Any CPU.Build.0 = Debug|Any CPU
		{72E0A102-5CD5-44B0-9E8C-9EFF0821F7C0}.Release|Any CPU.ActiveCfg = Release|Any CPU
		{72E0A102-5CD5-44B0-9E8C-9EFF0821F7C0}.Release|Any CPU.Build.0 = Release|Any CPU
		{B26DE598-71A3-4E45-BEEA-7E6BF8E60DD3}.Debug|Any CPU.ActiveCfg = Debug|Any CPU
		{B26DE598-71A3-4E45-BEEA-7E6BF8E60DD3}.Debug|Any CPU.Build.0 = Debug|Any CPU
		{B26DE598-71A3-4E45-BEEA-7E6BF8E60DD3}.Release|Any CPU.ActiveCfg = Release|Any CPU
		{B26DE598-71A3-4E45-BEEA-7E6BF8E60DD3}.Release|Any CPU.Build.0 = Release|Any CPU
	EndGlobalSection
	GlobalSection(SolutionProperties) = preSolution
		HideSolutionNode = FALSE
	EndGlobalSection
	GlobalSection(ExtensibilityGlobals) = postSolution
		SolutionGuid = {67DFB447-F067-45F1-A9DA-B32C6FA669C0}
	EndGlobalSection
EndGlobal
